version = 1
revision = 3
requires-python = ">=3.14"

[[package]]
name = "asgiref"
version = "3.11.1"
source = { registry = "https://pypi.org/simple" }
sdist = { url = "https://files.pythonhosted.org/packages/63/40/f03da1264ae8f7cfdbf9146542e5e7e8100a4c66ab48e791df9a03d3f6c0/asgiref-3.11.1.tar.gz", hash = "sha256:5f184dc43b7e763efe848065441eac62229c9f7b0475f41f80e207a114eda4ce", size = 38550, upload-time = "2026-02-03T13:30:14.33Z" }
wheels = [
    { url = "https://files.pythonhosted.org/packages/5c/0a/a72d10ed65068e115044937873362e6e32fab1b7dce0046aeb224682c989/asgiref-3.11.1-py3-none-any.whl", hash = "sha256:e8667a091e69529631969fd45dc268fa79b99c92c5fcdda727757e52146ec133", size = 24345, upload-time = "2026-02-03T13:30:13.039Z" },
]

[[package]]
name = "django"
version = "6.0.2"
source = { registry = "https://pypi.org/simple" }
dependencies = [
    { name = "asgiref" },
    { name = "sqlparse" },
    { name = "tzdata", marker = "sys_platform == 'win32'" },
]
sdist = { url = "https://files.pythonhosted.org/packages/26/3e/a1c4207c5dea4697b7a3387e26584919ba987d8f9320f59dc0b5c557a4eb/django-6.0.2.tar.gz", hash = "sha256:3046a53b0e40d4b676c3b774c73411d7184ae2745fe8ce5e45c0f33d3ddb71a7", size = 10886874, upload-time = "2026-02-03T13:50:31.596Z" }
wheels = [
    { url = "https://files.pythonhosted.org/packages/96/ba/a6e2992bc5b8c688249c00ea48cb1b7a9bc09839328c81dc603671460928/django-6.0.2-py3-none-any.whl", hash = "sha256:610dd3b13d15ec3f1e1d257caedd751db8033c5ad8ea0e2d1219a8acf446ecc6", size = 8339381, upload-time = "2026-02-03T13:50:15.501Z" },
]

[[package]]
name = "django-allauth"
version = "65.14.3"
source = { registry = "https://pypi.org/simple" }
dependencies = [
    { name = "asgiref" },
    { name = "django" },
]
sdist = { url = "https://files.pythonhosted.org/packages/f0/fc/d36b857ff3e367dc9d09af41d908c0f3c26688e6078ace26a1f29339f860/django_allauth-65.14.3.tar.gz", hash = "sha256:548eef76ab85f6e48f46f98437abf22acf0e834f73e9915fb6cc3f31a0dcdf4d", size = 2029142, upload-time = "2026-02-13T18:40:52.441Z" }
wheels = [
    { url = "https://files.pythonhosted.org/packages/08/7c/0613ef129685b59e4ffbe592788fd76461fb1947743f89d1874b7d70dc83/django_allauth-65.14.3-py3-none-any.whl", hash = "sha256:1d8e1127bdffceb8001bdd9bafbf97661f81e92f4b7bd4f6e799167b0311286d", size = 1828808, upload-time = "2026-02-13T18:41:04.665Z" },
]

[[package]]
name = "django-cotton"
version = "2.6.1"
source = { registry = "https://pypi.org/simple" }
dependencies = [
    { name = "django" },
]
sdist = { url = "https://files.pythonhosted.org/packages/11/c1/0df4b01255626897f5e74bdcef407ba88753ca92898c912caf2f9e73ba33/django_cotton-2.6.1.tar.gz", hash = "sha256:bedfa4561e2505fca5b88396acb9bdfaea85167eeef11813676fedab45906088", size = 31147, upload-time = "2026-01-13T12:06:00.142Z" }
wheels = [
    { url = "https://files.pythonhosted.org/packages/3d/d2/dea85f1931de0b2da4746f6ad669c7da1f5c8569bee144fe6620c8d98d61/django_cotton-2.6.1-py3-none-any.whl", hash = "sha256:775dda0336c08d33a6daf10557eb261746b1b8e5f260b669cc6b37115571cb08", size = 30563, upload-time = "2026-01-13T12:05:59.162Z" },
]

[[package]]
name = "django-environ"
version = "0.12.1"
source = { registry = "https://pypi.org/simple" }
sdist = { url = "https://files.pythonhosted.org/packages/d4/3c/b2de27581c28929e3b33c5797e3d075c93541b4a8499ddc84dfd659d550f/django_environ-0.12.1.tar.gz", hash = "sha256:22859c6e905ab7637fa3348d1787543bb4492f38d761104a3ce0519b7b752845", size = 58257, upload-time = "2026-02-14T01:19:50.733Z" }
wheels = [
    { url = "https://files.pythonhosted.org/packages/3a/1c/a6c55b856cb2c5824ee2fe5e27d6f54909ac7c228672b359ecbca99a6b41/django_environ-0.12.1-py2.py3-none-any.whl", hash = "sha256:064ba2d5082f833e6d7fe4def4928bde1eedc0248a417575da7db147aeec1c20", size = 20035, upload-time = "2026-02-14T01:19:48.683Z" },
]

[[package]]
name = "django-extensions"
version = "4.1"
source = { registry = "https://pypi.org/simple" }
dependencies = [
    { name = "django" },
]
sdist = { url = "https://files.pythonhosted.org/packages/6d/b3/ed0f54ed706ec0b54fd251cc0364a249c6cd6c6ec97f04dc34be5e929eac/django_extensions-4.1.tar.gz", hash = "sha256:7b70a4d28e9b840f44694e3f7feb54f55d495f8b3fa6c5c0e5e12bcb2aa3cdeb", size = 283078, upload-time = "2025-04-11T01:15:39.617Z" }
wheels = [
    { url = "https://files.pythonhosted.org/packages/64/96/d967ca440d6a8e3861120f51985d8e5aec79b9a8bdda16041206adfe7adc/django_extensions-4.1-py3-none-any.whl", hash = "sha256:0699a7af28f2523bf8db309a80278519362cd4b6e1fd0a8cd4bf063e1e023336", size = 232980, upload-time = "2025-04-11T01:15:37.701Z" },
]

[[package]]
name = "django-htmx"
version = "1.27.0"
source = { registry = "https://pypi.org/simple" }
dependencies = [
    { name = "asgiref" },
    { name = "django" },
]
sdist = { url = "https://files.pythonhosted.org/packages/34/f2/8c3e28a5eed8e5226835c762892bfef74eda7e8629c65b49c186098eb303/django_htmx-1.27.0.tar.gz", hash = "sha256:036e5da801bfdf5f1ca815f21592cfb9f004a898f330c842f15e55c70e301a75", size = 65362, upload-time = "2025-11-28T23:18:55.049Z" }
wheels = [
    { url = "https://files.pythonhosted.org/packages/23/ac/25d28489dc43224e260f4ebee7565f7ef1efe12af0f284a89500c19f75e2/django_htmx-1.27.0-py3-none-any.whl", hash = "sha256:13e1e13b87d39b57f95aae6e4987cb3df056d0b1373a41f4a94504a00298ffd8", size = 62126, upload-time = "2025-11-28T23:18:53.57Z" },
]

[[package]]
name = "django-livereload-server"
version = "0.5.1"
source = { registry = "https://pypi.org/simple" }
dependencies = [
    { name = "django" },
    { name = "tornado" },
]
sdist = { url = "https://files.pythonhosted.org/packages/79/56/313c43b871d4cc167260faf2924a72ffa9105cdd78faf028341338115800/django-livereload-server-0.5.1.tar.gz", hash = "sha256:e1fecca2a74ec87235bbfdf8b63365499324d9a87017427e5d297711d1cd532d", size = 23111, upload-time = "2023-12-19T23:22:02.289Z" }
wheels = [
    { url = "https://files.pythonhosted.org/packages/8c/cd/77566526193cb49e805bd33a6b982ba5a39f3a7f828dd6647a76bf977f3c/django_livereload_server-0.5.1-py2.py3-none-any.whl", hash = "sha256:e03bd65d1679ef1b4a5e22e2a77d11d3cfb0e3d21ae25afba49e280924ba6f58", size = 25920, upload-time = "2023-12-19T23:22:00.494Z" },
]

[[package]]
name = "gunicorn"
version = "25.1.0"
source = { registry = "https://pypi.org/simple" }
dependencies = [
    { name = "packaging" },
]
sdist = { url = "https://files.pythonhosted.org/packages/66/13/ef67f59f6a7896fdc2c1d62b5665c5219d6b0a9a1784938eb9a28e55e128/gunicorn-25.1.0.tar.gz", hash = "sha256:1426611d959fa77e7de89f8c0f32eed6aa03ee735f98c01efba3e281b1c47616", size = 594377, upload-time = "2026-02-13T11:09:58.989Z" }
wheels = [
    { url = "https://files.pythonhosted.org/packages/da/73/4ad5b1f6a2e21cf1e85afdaad2b7b1a933985e2f5d679147a1953aaa192c/gunicorn-25.1.0-py3-none-any.whl", hash = "sha256:d0b1236ccf27f72cfe14bce7caadf467186f19e865094ca84221424e839b8b8b", size = 197067, upload-time = "2026-02-13T11:09:57.146Z" },
]

[[package]]
name = "packaging"
version = "26.0"
source = { registry = "https://pypi.org/simple" }
sdist = { url = "https://files.pythonhosted.org/packages/65/ee/299d360cdc32edc7d2cf530f3accf79c4fca01e96ffc950d8a52213bd8e4/packaging-26.0.tar.gz", hash = "sha256:00243ae351a257117b6a241061796684b084ed1c516a08c48a3f7e147a9d80b4", size = 143416, upload-time = "2026-01-21T20:50:39.064Z" }
wheels = [
    { url = "https://files.pythonhosted.org/packages/b7/b9/c538f279a4e237a006a2c98387d081e9eb060d203d8ed34467cc0f0b9b53/packaging-26.0-py3-none-any.whl", hash = "sha256:b36f1fef9334a5588b4166f8bcd26a14e521f2b55e6b9de3aaa80d3ff7a37529", size = 74366, upload-time = "2026-01-21T20:50:37.788Z" },
]

[[package]]
name = "sqlparse"
version = "0.5.5"
source = { registry = "https://pypi.org/simple" }
sdist = { url = "https://files.pythonhosted.org/packages/90/76/437d71068094df0726366574cf3432a4ed754217b436eb7429415cf2d480/sqlparse-0.5.5.tar.gz", hash = "sha256:e20d4a9b0b8585fdf63b10d30066c7c94c5d7a7ec47c889a2d83a3caa93ff28e", size = 120815, upload-time = "2025-12-19T07:17:45.073Z" }
wheels = [
    { url = "https://files.pythonhosted.org/packages/49/4b/359f28a903c13438ef59ebeee215fb25da53066db67b305c125f1c6d2a25/sqlparse-0.5.5-py3-none-any.whl", hash = "sha256:12a08b3bf3eec877c519589833aed092e2444e68240a3577e8e26148acc7b1ba", size = 46138, upload-time = "2025-12-19T07:17:46.573Z" },
]

[[package]]
name = "tornado"
version = "6.5.4"
source = { registry = "https://pypi.org/simple" }
sdist = { url = "https://files.pythonhosted.org/packages/37/1d/0a336abf618272d53f62ebe274f712e213f5a03c0b2339575430b8362ef2/tornado-6.5.4.tar.gz", hash = "sha256:a22fa9047405d03260b483980635f0b041989d8bcc9a313f8fe18b411d84b1d7", size = 513632, upload-time = "2025-12-15T19:21:03.836Z" }
wheels = [
    { url = "https://files.pythonhosted.org/packages/ab/a9/e94a9d5224107d7ce3cc1fab8d5dc97f5ea351ccc6322ee4fb661da94e35/tornado-6.5.4-cp39-abi3-macosx_10_9_universal2.whl", hash = "sha256:d6241c1a16b1c9e4cc28148b1cda97dd1c6cb4fb7068ac1bedc610768dff0ba9", size = 443909, upload-time = "2025-12-15T19:20:48.382Z" },
    { url = "https://files.pythonhosted.org/packages/db/7e/f7b8d8c4453f305a51f80dbb49014257bb7d28ccb4bbb8dd328ea995ecad/tornado-6.5.4-cp39-abi3-macosx_10_9_x86_64.whl", hash = "sha256:2d50f63dda1d2cac3ae1fa23d254e16b5e38153758470e9956cbc3d813d40843", size = 442163, upload-time = "2025-12-15T19:20:49.791Z" },
    { url = "https://files.pythonhosted.org/packages/ba/b5/206f82d51e1bfa940ba366a8d2f83904b15942c45a78dd978b599870ab44/tornado-6.5.4-cp39-abi3-manylinux_2_17_aarch64.manylinux2014_aarch64.whl", hash = "sha256:d1cf66105dc6acb5af613c054955b8137e34a03698aa53272dbda4afe252be17", size = 445746, upload-time = "2025-12-15T19:20:51.491Z" },
    { url = "https://files.pythonhosted.org/packages/8e/9d/1a3338e0bd30ada6ad4356c13a0a6c35fbc859063fa7eddb309183364ac1/tornado-6.5.4-cp39-abi3-manylinux_2_5_i686.manylinux1_i686.manylinux_2_17_i686.manylinux2014_i686.whl", hash = "sha256:50ff0a58b0dc97939d29da29cd624da010e7f804746621c78d14b80238669335", size = 445083, upload-time = "2025-12-15T19:20:52.778Z" },
    { url = "https://files.pythonhosted.org/packages/50/d4/e51d52047e7eb9a582da59f32125d17c0482d065afd5d3bc435ff2120dc5/tornado-6.5.4-cp39-abi3-manylinux_2_5_x86_64.manylinux1_x86_64.manylinux_2_17_x86_64.manylinux2014_x86_64.whl", hash = "sha256:e5fb5e04efa54cf0baabdd10061eb4148e0be137166146fff835745f59ab9f7f", size = 445315, upload-time = "2025-12-15T19:20:53.996Z" },
    { url = "https://files.pythonhosted.org/packages/27/07/2273972f69ca63dbc139694a3fc4684edec3ea3f9efabf77ed32483b875c/tornado-6.5.4-cp39-abi3-musllinux_1_2_aarch64.whl", hash = "sha256:9c86b1643b33a4cd415f8d0fe53045f913bf07b4a3ef646b735a6a86047dda84", size = 446003, upload-time = "2025-12-15T19:20:56.101Z" },
    { url = "https://files.pythonhosted.org/packages/d1/83/41c52e47502bf7260044413b6770d1a48dda2f0246f95ee1384a3cd9c44a/tornado-6.5.4-cp39-abi3-musllinux_1_2_i686.whl", hash = "sha256:6eb82872335a53dd063a4f10917b3efd28270b56a33db69009606a0312660a6f", size = 445412, upload-time = "2025-12-15T19:20:57.398Z" },
    { url = "https://files.pythonhosted.org/packages/10/c7/bc96917f06cbee182d44735d4ecde9c432e25b84f4c2086143013e7b9e52/tornado-6.5.4-cp39-abi3-musllinux_1_2_x86_64.whl", hash = "sha256:6076d5dda368c9328ff41ab5d9dd3608e695e8225d1cd0fd1e006f05da3635a8", size = 445392, upload-time = "2025-12-15T19:20:58.692Z" },
    { url = "https://files.pythonhosted.org/packages/0c/1a/d7592328d037d36f2d2462f4bc1fbb383eec9278bc786c1b111cbbd44cfa/tornado-6.5.4-cp39-abi3-win32.whl", hash = "sha256:1768110f2411d5cd281bac0a090f707223ce77fd110424361092859e089b38d1", size = 446481, upload-time = "2025-12-15T19:21:00.008Z" },
    { url = "https://files.pythonhosted.org/packages/d6/6d/c69be695a0a64fd37a97db12355a035a6d90f79067a3cf936ec2b1dc38cd/tornado-6.5.4-cp39-abi3-win_amd64.whl", hash = "sha256:fa07d31e0cd85c60713f2b995da613588aa03e1303d75705dca6af8babc18ddc", size = 446886, upload-time = "2025-12-15T19:21:01.287Z" },
    { url = "https://files.pythonhosted.org/packages/50/49/8dc3fd90902f70084bd2cd059d576ddb4f8bb44c2c7c0e33a11422acb17e/tornado-6.5.4-cp39-abi3-win_arm64.whl", hash = "sha256:053e6e16701eb6cbe641f308f4c1a9541f91b6261991160391bfc342e8a551a1", size = 445910, upload-time = "2025-12-15T19:21:02.571Z" },
]

[[package]]
name = "tzdata"
version = "2025.3"
source = { registry = "https://pypi.org/simple" }
sdist = { url = "https://files.pythonhosted.org/packages/5e/a7/c202b344c5ca7daf398f3b8a477eeb205cf3b6f32e7ec3a6bac0629ca975/tzdata-2025.3.tar.gz", hash = "sha256:de39c2ca5dc7b0344f2eba86f49d614019d29f060fc4ebc8a417896a620b56a7", size = 196772, upload-time = "2025-12-13T17:45:35.667Z" }
wheels = [
    { url = "https://files.pythonhosted.org/packages/c7/b0/003792df09decd6849a5e39c28b513c06e84436a54440380862b5aeff25d/tzdata-2025.3-py2.py3-none-any.whl", hash = "sha256:06a47e5700f3081aab02b2e513160914ff0694bce9947d6b76ebd6bf57cfc5d1", size = 348521, upload-time = "2025-12-13T17:45:33.889Z" },
]

[[package]]
name = "voices-carry-media"
version = "0.1.0"
source = { virtual = "." }
dependencies = [
    { name = "django" },
    { name = "django-allauth" },
    { name = "django-cotton" },
    { name = "django-environ" },
    { name = "django-extensions" },
    { name = "django-htmx" },
    { name = "django-livereload-server" },
    { name = "gunicorn" },
    { name = "whitenoise" },
]

[package.metadata]
requires-dist = [
    { name = "django", specifier = ">=6.0.2" },
    { name = "django-allauth", specifier = ">=65.14.3" },
    { name = "django-cotton", specifier = ">=2.6.1" },
    { name = "django-environ", specifier = ">=0.12.1" },
    { name = "django-extensions", specifier = ">=4.1" },
    { name = "django-htmx", specifier = ">=1.27.0" },
    { name = "django-livereload-server", specifier = ">=0.5.1" },
    { name = "gunicorn", specifier = ">=25.1.0" },
    { name = "whitenoise", specifier = ">=6.11.0" },
]

[[package]]
name = "whitenoise"
version = "6.11.0"
source = { registry = "https://pypi.org/simple" }
sdist = { url = "https://files.pythonhosted.org/packages/15/95/8c81ec6b6ebcbf8aca2de7603070ccf37dbb873b03f20708e0f7c1664bc6/whitenoise-6.11.0.tar.gz", hash = "sha256:0f5bfce6061ae6611cd9396a8231e088722e4fc67bc13a111be74c738d99375f", size = 26432, upload-time = "2025-09-18T09:16:10.995Z" }
wheels = [
    { url = "https://files.pythonhosted.org/packages/6c/e9/4366332f9295fe0647d7d3251ce18f5615fbcb12d02c79a26f8dba9221b3/whitenoise-6.11.0-py3-none-any.whl", hash = "sha256:b2aeb45950597236f53b5342b3121c5de69c8da0109362aee506ce88e022d258", size = 20197, upload-time = "2025-09-18T09:16:09.754Z" },
]
